
Microsoft Visual Studio Solution File, Format Version 12.00
# Visual Studio Version 16
VisualStudioVersion = 16.0.29409.12
MinimumVisualStudioVersion = 10.0.40219.1
Project("{9A19103F-16F7-4668-BE54-9A1E7A4F7556}") = "Orso.Arpa.Api", "Orso.Arpa.Api\Orso.Arpa.Api.csproj", "{80572D87-E9A0-428C-BFC2-F598F5615EB9}"
EndProject
Project("{2150E333-8FDC-42A3-9474-1A3956D46DE8}") = "Solution Items", "Solution Items", "{723AFD46-71A3-41C1-BBBD-1A92CCF3B9F7}"
	ProjectSection(SolutionItems) = preProject
		.editorconfig = .editorconfig
		.gitignore = .gitignore
		.github\dependabot.yml = .github\dependabot.yml
		.github\workflows\dotnet.yml = .github\workflows\dotnet.yml
		LICENSE.txt = LICENSE.txt
		README.MD = README.MD
	EndProjectSection
EndProject
Project("{9A19103F-16F7-4668-BE54-9A1E7A4F7556}") = "Orso.Arpa.Domain", "Orso.Arpa.Domain\Orso.Arpa.Domain.csproj", "{C1EEA031-1656-40A0-9F94-B032BC78CB18}"
EndProject
Project("{9A19103F-16F7-4668-BE54-9A1E7A4F7556}") = "Orso.Arpa.Persistence", "Orso.Arpa.Persistence\Orso.Arpa.Persistence.csproj", "{463EC3A6-DD58-46F6-8BDB-49A6437F4ADC}"
EndProject
Project("{9A19103F-16F7-4668-BE54-9A1E7A4F7556}") = "Orso.Arpa.Infrastructure", "Orso.Arpa.Infrastructure\Orso.Arpa.Infrastructure.csproj", "{74FE5128-DA11-4624-B123-AD372423E40C}"
EndProject
Project("{2150E333-8FDC-42A3-9474-1A3956D46DE8}") = "Tests", "Tests", "{87630E76-AA8B-4C4A-A785-DBA57CC10B7D}"
EndProject
Project("{9A19103F-16F7-4668-BE54-9A1E7A4F7556}") = "Orso.Arpa.Api.Tests", "Tests\Orso.Arpa.Api.Tests\Orso.Arpa.Api.Tests.csproj", "{DEB1C854-7924-410D-B3EC-86715376946E}"
EndProject
Project("{9A19103F-16F7-4668-BE54-9A1E7A4F7556}") = "Orso.Arpa.Application.Tests", "Tests\Orso.Arpa.Application.Tests\Orso.Arpa.Application.Tests.csproj", "{C2A73B0F-F230-47F5-9EFE-F93E1611E376}"
EndProject
Project("{9A19103F-16F7-4668-BE54-9A1E7A4F7556}") = "Orso.Arpa.Domain.Tests", "Tests\Orso.Arpa.Domain.Tests\Orso.Arpa.Domain.Tests.csproj", "{23DF8EEB-36DB-4530-9478-D8480EC2620F}"
EndProject
Project("{9A19103F-16F7-4668-BE54-9A1E7A4F7556}") = "Orso.Arpa.Infrastructure.Tests", "Tests\Orso.Arpa.Infrastructure.Tests\Orso.Arpa.Infrastructure.Tests.csproj", "{E3AB7C7A-6DBE-4B71-8620-30BE52CEF57B}"
EndProject
Project("{9A19103F-16F7-4668-BE54-9A1E7A4F7556}") = "Orso.Arpa.Persistence.Tests", "Tests\Orso.Arpa.Persistence.Tests\Orso.Arpa.Persistence.Tests.csproj", "{15C49C80-E005-4CDC-965D-7A99B31A4E83}"
EndProject
Project("{9A19103F-16F7-4668-BE54-9A1E7A4F7556}") = "Orso.Arpa.Tests.Shared", "Tests\Orso.Arpa.Tests.Shared\Orso.Arpa.Tests.Shared.csproj", "{6B016EFF-C0C3-489E-9546-3BE9A9F55773}"
EndProject
Project("{9A19103F-16F7-4668-BE54-9A1E7A4F7556}") = "Orso.Arpa.Application", "Orso.Arpa.Application\Orso.Arpa.Application.csproj", "{AA910E8D-B197-4238-A5EB-C16C45C7EBB0}"
EndProject
Project("{9A19103F-16F7-4668-BE54-9A1E7A4F7556}") = "Orso.Arpa.Mail", "Orso.Arpa.Mail\Orso.Arpa.Mail.csproj", "{53CFF9C9-9F80-41FF-B0FA-936636A09EAA}"
EndProject
Project("{9A19103F-16F7-4668-BE54-9A1E7A4F7556}") = "Orso.Arpa.Mail.Tests", "Tests\Orso.Arpa.Mail.Tests\Orso.Arpa.Mail.Tests.csproj", "{EEBAA1B3-9E1D-4FF2-95CF-58E6F13EB7DD}"
EndProject
Project("{9A19103F-16F7-4668-BE54-9A1E7A4F7556}") = "Orso.Arpa.Misc", "Orso.Arpa.Misc\Orso.Arpa.Misc.csproj", "{CBD4D73A-437D-47B4-A1B8-71B230C460AC}"
EndProject
Project("{FAE04EC0-301F-11D3-BF4B-00C04F79EFBC}") = "Orso.Arpa.FakeSmtp", "Orso.Arpa.FakeSmtp\Orso.Arpa.FakeSmtp.csproj", "{3C92A84B-D486-41EB-8939-A8F46B7A326B}"
EndProject
Global
	GlobalSection(SolutionConfigurationPlatforms) = preSolution
		Debug|Any CPU = Debug|Any CPU
		Release|Any CPU = Release|Any CPU
	EndGlobalSection
	GlobalSection(ProjectConfigurationPlatforms) = postSolution
		{80572D87-E9A0-428C-BFC2-F598F5615EB9}.Debug|Any CPU.ActiveCfg = Debug|Any CPU
		{80572D87-E9A0-428C-BFC2-F598F5615EB9}.Debug|Any CPU.Build.0 = Debug|Any CPU
		{80572D87-E9A0-428C-BFC2-F598F5615EB9}.Release|Any CPU.ActiveCfg = Release|Any CPU
		{80572D87-E9A0-428C-BFC2-F598F5615EB9}.Release|Any CPU.Build.0 = Release|Any CPU
		{C1EEA031-1656-40A0-9F94-B032BC78CB18}.Debug|Any CPU.ActiveCfg = Debug|Any CPU
		{C1EEA031-1656-40A0-9F94-B032BC78CB18}.Debug|Any CPU.Build.0 = Debug|Any CPU
		{C1EEA031-1656-40A0-9F94-B032BC78CB18}.Release|Any CPU.ActiveCfg = Release|Any CPU
		{C1EEA031-1656-40A0-9F94-B032BC78CB18}.Release|Any CPU.Build.0 = Release|Any CPU
		{463EC3A6-DD58-46F6-8BDB-49A6437F4ADC}.Debug|Any CPU.ActiveCfg = Debug|Any CPU
		{463EC3A6-DD58-46F6-8BDB-49A6437F4ADC}.Debug|Any CPU.Build.0 = Debug|Any CPU
		{463EC3A6-DD58-46F6-8BDB-49A6437F4ADC}.Release|Any CPU.ActiveCfg = Release|Any CPU
		{463EC3A6-DD58-46F6-8BDB-49A6437F4ADC}.Release|Any CPU.Build.0 = Release|Any CPU
		{74FE5128-DA11-4624-B123-AD372423E40C}.Debug|Any CPU.ActiveCfg = Debug|Any CPU
		{74FE5128-DA11-4624-B123-AD372423E40C}.Debug|Any CPU.Build.0 = Debug|Any CPU
		{74FE5128-DA11-4624-B123-AD372423E40C}.Release|Any CPU.ActiveCfg = Release|Any CPU
		{74FE5128-DA11-4624-B123-AD372423E40C}.Release|Any CPU.Build.0 = Release|Any CPU
		{DEB1C854-7924-410D-B3EC-86715376946E}.Debug|Any CPU.ActiveCfg = Debug|Any CPU
		{DEB1C854-7924-410D-B3EC-86715376946E}.Debug|Any CPU.Build.0 = Debug|Any CPU
		{DEB1C854-7924-410D-B3EC-86715376946E}.Release|Any CPU.ActiveCfg = Release|Any CPU
		{DEB1C854-7924-410D-B3EC-86715376946E}.Release|Any CPU.Build.0 = Release|Any CPU
		{C2A73B0F-F230-47F5-9EFE-F93E1611E376}.Debug|Any CPU.ActiveCfg = Debug|Any CPU
		{C2A73B0F-F230-47F5-9EFE-F93E1611E376}.Debug|Any CPU.Build.0 = Debug|Any CPU
		{C2A73B0F-F230-47F5-9EFE-F93E1611E376}.Release|Any CPU.ActiveCfg = Release|Any CPU
		{C2A73B0F-F230-47F5-9EFE-F93E1611E376}.Release|Any CPU.Build.0 = Release|Any CPU
		{23DF8EEB-36DB-4530-9478-D8480EC2620F}.Debug|Any CPU.ActiveCfg = Debug|Any CPU
		{23DF8EEB-36DB-4530-9478-D8480EC2620F}.Debug|Any CPU.Build.0 = Debug|Any CPU
		{23DF8EEB-36DB-4530-9478-D8480EC2620F}.Release|Any CPU.ActiveCfg = Release|Any CPU
		{23DF8EEB-36DB-4530-9478-D8480EC2620F}.Release|Any CPU.Build.0 = Release|Any CPU
		{E3AB7C7A-6DBE-4B71-8620-30BE52CEF57B}.Debug|Any CPU.ActiveCfg = Debug|Any CPU
		{E3AB7C7A-6DBE-4B71-8620-30BE52CEF57B}.Debug|Any CPU.Build.0 = Debug|Any CPU
		{E3AB7C7A-6DBE-4B71-8620-30BE52CEF57B}.Release|Any CPU.ActiveCfg = Release|Any CPU
		{E3AB7C7A-6DBE-4B71-8620-30BE52CEF57B}.Release|Any CPU.Build.0 = Release|Any CPU
		{15C49C80-E005-4CDC-965D-7A99B31A4E83}.Debug|Any CPU.ActiveCfg = Debug|Any CPU
		{15C49C80-E005-4CDC-965D-7A99B31A4E83}.Debug|Any CPU.Build.0 = Debug|Any CPU
		{15C49C80-E005-4CDC-965D-7A99B31A4E83}.Release|Any CPU.ActiveCfg = Release|Any CPU
		{15C49C80-E005-4CDC-965D-7A99B31A4E83}.Release|Any CPU.Build.0 = Release|Any CPU
		{6B016EFF-C0C3-489E-9546-3BE9A9F55773}.Debug|Any CPU.ActiveCfg = Debug|Any CPU
		{6B016EFF-C0C3-489E-9546-3BE9A9F55773}.Debug|Any CPU.Build.0 = Debug|Any CPU
		{6B016EFF-C0C3-489E-9546-3BE9A9F55773}.Release|Any CPU.ActiveCfg = Release|Any CPU
		{6B016EFF-C0C3-489E-9546-3BE9A9F55773}.Release|Any CPU.Build.0 = Release|Any CPU
		{AA910E8D-B197-4238-A5EB-C16C45C7EBB0}.Debug|Any CPU.ActiveCfg = Debug|Any CPU
		{AA910E8D-B197-4238-A5EB-C16C45C7EBB0}.Debug|Any CPU.Build.0 = Debug|Any CPU
		{AA910E8D-B197-4238-A5EB-C16C45C7EBB0}.Release|Any CPU.ActiveCfg = Release|Any CPU
		{AA910E8D-B197-4238-A5EB-C16C45C7EBB0}.Release|Any CPU.Build.0 = Release|Any CPU
		{53CFF9C9-9F80-41FF-B0FA-936636A09EAA}.Debug|Any CPU.ActiveCfg = Debug|Any CPU
		{53CFF9C9-9F80-41FF-B0FA-936636A09EAA}.Debug|Any CPU.Build.0 = Debug|Any CPU
		{53CFF9C9-9F80-41FF-B0FA-936636A09EAA}.Release|Any CPU.ActiveCfg = Release|Any CPU
		{53CFF9C9-9F80-41FF-B0FA-936636A09EAA}.Release|Any CPU.Build.0 = Release|Any CPU
		{EEBAA1B3-9E1D-4FF2-95CF-58E6F13EB7DD}.Debug|Any CPU.ActiveCfg = Debug|Any CPU
		{EEBAA1B3-9E1D-4FF2-95CF-58E6F13EB7DD}.Debug|Any CPU.Build.0 = Debug|Any CPU
		{EEBAA1B3-9E1D-4FF2-95CF-58E6F13EB7DD}.Release|Any CPU.ActiveCfg = Release|Any CPU
		{EEBAA1B3-9E1D-4FF2-95CF-58E6F13EB7DD}.Release|Any CPU.Build.0 = Release|Any CPU
		{CBD4D73A-437D-47B4-A1B8-71B230C460AC}.Debug|Any CPU.ActiveCfg = Debug|Any CPU
		{CBD4D73A-437D-47B4-A1B8-71B230C460AC}.Debug|Any CPU.Build.0 = Debug|Any CPU
		{CBD4D73A-437D-47B4-A1B8-71B230C460AC}.Release|Any CPU.ActiveCfg = Release|Any CPU
		{CBD4D73A-437D-47B4-A1B8-71B230C460AC}.Release|Any CPU.Build.0 = Release|Any CPU
		{3C92A84B-D486-41EB-8939-A8F46B7A326B}.Debug|Any CPU.ActiveCfg = Debug|Any CPU
		{3C92A84B-D486-41EB-8939-A8F46B7A326B}.Debug|Any CPU.Build.0 = Debug|Any CPU
		{3C92A84B-D486-41EB-8939-A8F46B7A326B}.Release|Any CPU.ActiveCfg = Release|Any CPU
		{3C92A84B-D486-41EB-8939-A8F46B7A326B}.Release|Any CPU.Build.0 = Release|Any CPU
	EndGlobalSection
	GlobalSection(SolutionProperties) = preSolution
		HideSolutionNode = FALSE
	EndGlobalSection
	GlobalSection(NestedProjects) = preSolution
		{DEB1C854-7924-410D-B3EC-86715376946E} = {87630E76-AA8B-4C4A-A785-DBA57CC10B7D}
		{C2A73B0F-F230-47F5-9EFE-F93E1611E376} = {87630E76-AA8B-4C4A-A785-DBA57CC10B7D}
		{23DF8EEB-36DB-4530-9478-D8480EC2620F} = {87630E76-AA8B-4C4A-A785-DBA57CC10B7D}
		{E3AB7C7A-6DBE-4B71-8620-30BE52CEF57B} = {87630E76-AA8B-4C4A-A785-DBA57CC10B7D}
		{15C49C80-E005-4CDC-965D-7A99B31A4E83} = {87630E76-AA8B-4C4A-A785-DBA57CC10B7D}
		{6B016EFF-C0C3-489E-9546-3BE9A9F55773} = {87630E76-AA8B-4C4A-A785-DBA57CC10B7D}
		{EEBAA1B3-9E1D-4FF2-95CF-58E6F13EB7DD} = {87630E76-AA8B-4C4A-A785-DBA57CC10B7D}
	EndGlobalSection
	GlobalSection(ExtensibilityGlobals) = postSolution
		SolutionGuid = {67B63CDA-710A-4F59-AD13-05CD24CBFABA}
	EndGlobalSection
EndGlobal
