
Microsoft Visual Studio Solution File, Format Version 12.00
# Visual Studio Version 16
VisualStudioVersion = 16.0.29409.12
MinimumVisualStudioVersion = 10.0.40219.1
Project("{9A19103F-16F7-4668-BE54-9A1E7A4F7556}") = "Orso.Arpa.Api", "Orso.Arpa.Api\Orso.Arpa.Api.csproj", "{80572D87-E9A0-428C-BFC2-F598F5615EB9}"
EndProject
Project("{2150E333-8FDC-42A3-9474-1A3956D46DE8}") = "Solution Items", "Solution Items", "{723AFD46-71A3-41C1-BBBD-1A92CCF3B9F7}"
	ProjectSection(SolutionItems) = preProject
		.editorconfig = .editorconfig
		.gitignore = .gitignore
		README.MD = README.MD
	EndProjectSection
EndProject
Project("{9A19103F-16F7-4668-BE54-9A1E7A4F7556}") = "Orso.Arpa.Application", "Orso.Arpa.Application\Orso.Arpa.Application.csproj", "{7A28509A-C423-449C-B708-5F2B8430C68A}"
EndProject
Project("{9A19103F-16F7-4668-BE54-9A1E7A4F7556}") = "Orso.Arpa.Domain", "Orso.Arpa.Domain\Orso.Arpa.Domain.csproj", "{C1EEA031-1656-40A0-9F94-B032BC78CB18}"
EndProject
Project("{9A19103F-16F7-4668-BE54-9A1E7A4F7556}") = "Orso.Arpa.Persistence", "Orso.Arpa.Persistence\Orso.Arpa.Persistence.csproj", "{463EC3A6-DD58-46F6-8BDB-49A6437F4ADC}"
EndProject
Project("{9A19103F-16F7-4668-BE54-9A1E7A4F7556}") = "Orso.Arpa.Infrastructure", "Orso.Arpa.Infrastructure\Orso.Arpa.Infrastructure.csproj", "{74FE5128-DA11-4624-B123-AD372423E40C}"
EndProject
Global
	GlobalSection(SolutionConfigurationPlatforms) = preSolution
		Debug|Any CPU = Debug|Any CPU
		Release|Any CPU = Release|Any CPU
	EndGlobalSection
	GlobalSection(ProjectConfigurationPlatforms) = postSolution
		{80572D87-E9A0-428C-BFC2-F598F5615EB9}.Debug|Any CPU.ActiveCfg = Debug|Any CPU
		{80572D87-E9A0-428C-BFC2-F598F5615EB9}.Debug|Any CPU.Build.0 = Debug|Any CPU
		{80572D87-E9A0-428C-BFC2-F598F5615EB9}.Release|Any CPU.ActiveCfg = Release|Any CPU
		{80572D87-E9A0-428C-BFC2-F598F5615EB9}.Release|Any CPU.Build.0 = Release|Any CPU
		{7A28509A-C423-449C-B708-5F2B8430C68A}.Debug|Any CPU.ActiveCfg = Debug|Any CPU
		{7A28509A-C423-449C-B708-5F2B8430C68A}.Debug|Any CPU.Build.0 = Debug|Any CPU
		{7A28509A-C423-449C-B708-5F2B8430C68A}.Release|Any CPU.ActiveCfg = Release|Any CPU
		{7A28509A-C423-449C-B708-5F2B8430C68A}.Release|Any CPU.Build.0 = Release|Any CPU
		{C1EEA031-1656-40A0-9F94-B032BC78CB18}.Debug|Any CPU.ActiveCfg = Debug|Any CPU
		{C1EEA031-1656-40A0-9F94-B032BC78CB18}.Debug|Any CPU.Build.0 = Debug|Any CPU
		{C1EEA031-1656-40A0-9F94-B032BC78CB18}.Release|Any CPU.ActiveCfg = Release|Any CPU
		{C1EEA031-1656-40A0-9F94-B032BC78CB18}.Release|Any CPU.Build.0 = Release|Any CPU
		{463EC3A6-DD58-46F6-8BDB-49A6437F4ADC}.Debug|Any CPU.ActiveCfg = Debug|Any CPU
		{463EC3A6-DD58-46F6-8BDB-49A6437F4ADC}.Debug|Any CPU.Build.0 = Debug|Any CPU
		{463EC3A6-DD58-46F6-8BDB-49A6437F4ADC}.Release|Any CPU.ActiveCfg = Release|Any CPU
		{463EC3A6-DD58-46F6-8BDB-49A6437F4ADC}.Release|Any CPU.Build.0 = Release|Any CPU
		{74FE5128-DA11-4624-B123-AD372423E40C}.Debug|Any CPU.ActiveCfg = Debug|Any CPU
		{74FE5128-DA11-4624-B123-AD372423E40C}.Debug|Any CPU.Build.0 = Debug|Any CPU
		{74FE5128-DA11-4624-B123-AD372423E40C}.Release|Any CPU.ActiveCfg = Release|Any CPU
		{74FE5128-DA11-4624-B123-AD372423E40C}.Release|Any CPU.Build.0 = Release|Any CPU
	EndGlobalSection
	GlobalSection(SolutionProperties) = preSolution
		HideSolutionNode = FALSE
	EndGlobalSection
	GlobalSection(ExtensibilityGlobals) = postSolution
		SolutionGuid = {67B63CDA-710A-4F59-AD13-05CD24CBFABA}
	EndGlobalSection
EndGlobal
